{
    "_meta": {
        "hash": {
            "sha256": "d785e803c76b05c157c8a76763ed71f72d553d857d71ab932ce12fe367696083"
        },
        "pipfile-spec": 6,
        "requires": {
            "python_version": "3.9"
        },
        "sources": [
            {
                "name": "pypi",
                "url": "https://pypi.org/simple",
                "verify_ssl": true
            }
        ]
    },
    "default": {},
    "develop": {}
}
